{
    "_meta": {
        "hash": {
            "sha256": "ab50b3f10a71cdf3e032e1a69938074668ccbc1b1d1e87e2b017ade5113b9837"
        },
        "pipfile-spec": 6,
        "requires": {
            "python_version": "3.6"
        },
        "sources": [
            {
                "name": "pypi",
                "url": "https://pypi.python.org/simple",
                "verify_ssl": true
            }
        ]
    },
    "default": {
        "argparse": {
            "hashes": [
                "sha256:62b089a55be1d8949cd2bc7e0df0bddb9e028faefc8c32038cc84862aefdd6e4",
                "sha256:c31647edb69fd3d465a847ea3157d37bed1f95f19760b11a47aa91c04b666314"
            ],
            "version": "==1.4.0"
        },
        "attrs": {
            "hashes": [
                "sha256:08a96c641c3a74e44eb59afb61a24f2cb9f4d7188748e76ba4bb5edfa3cb7d1c",
                "sha256:f7b7ce16570fe9965acd6d30101a28f62fb4a7f9e926b3bbc9b61f8b04247e72"
            ],
            "version": "==19.3.0"
        },
        "backcall": {
            "hashes": [
                "sha256:38ecd85be2c1e78f77fd91700c76e14667dc21e2713b63876c0eb901196e01e4",
                "sha256:bbbf4b1e5cd2bdb08f915895b51081c041bac22394fdfcfdfbe9f14b77c08bf2"
            ],
            "version": "==0.1.0"
        },
        "beautifulsoup4": {
            "hashes": [
                "sha256:11a9a27b7d3bddc6d86f59fb76afb70e921a25ac2d6cc55b40d072bd68435a76",
                "sha256:7015e76bf32f1f574636c4288399a6de66ce08fb7b2457f628a8d70c0fbabb11",
                "sha256:808b6ac932dccb0a4126558f7dfdcf41710dd44a4ef497a0bb59a77f9f078e89"
            ],
            "index": "pypi",
            "version": "==4.6.0"
        },
        "bleach": {
            "hashes": [
                "sha256:213336e49e102af26d9cde77dd2d0397afabc5a6bf2fed985dc35b5d1e285a16",
                "sha256:3fdf7f77adcf649c9911387df51254b813185e32b2c6619f690b593a617e19fa"
            ],
            "version": "==3.1.0"
        },
        "certifi": {
            "hashes": [
                "sha256:e4f3620cfea4f83eedc95b24abd9cd56f3c4b146dd0177e83a21b4eb49e21e50",
                "sha256:fd7c7c74727ddcf00e9acd26bba8da604ffec95bf1c2144e67aff7a8b50e6cef"
            ],
            "version": "==2019.9.11"
        },
        "chardet": {
            "hashes": [
                "sha256:84ab92ed1c4d4f16916e05906b6b75a6c0fb5db821cc65e70cbd64a3e2a5eaae",
                "sha256:fc323ffcaeaed0e0a02bf4d117757b98aed530d9ed4531e3e15460124c106691"
            ],
            "version": "==3.0.4"
        },
        "contexttimer": {
            "hashes": [
                "sha256:35a1efd389af3f1ca509f33ff23e17d98b66c8fde5ba2a4eb8a8b7fa456598a5"
            ],
            "index": "pypi",
            "version": "==0.3.3"
        },
        "dateparser": {
            "hashes": [
                "sha256:e2629d2f8361722c6047138ca085256c9f2cf5cc657fd66122aa0564afa4dc33",
                "sha256:f8c24317120b06f71691d28076764ec084a132be2a250a78fdf54f6b427cac95"
            ],
            "index": "pypi",
            "version": "==0.6.0"
        },
        "dateutils": {
            "hashes": [
                "sha256:c94a8e77d743abac79ed91f99f5ef594a972a527e05145cbb7aba59beced8a71"
            ],
            "index": "pypi",
            "version": "==0.6.6"
        },
        "decorator": {
            "hashes": [
                "sha256:54c38050039232e1db4ad7375cfce6748d7b41c29e95a081c8a6d2c30364a2ce",
                "sha256:5d19b92a3c8f7f101c8dd86afd86b0f061a8ce4540ab8cd401fa2542756bce6d"
            ],
            "version": "==4.4.1"
        },
        "defusedxml": {
            "hashes": [
                "sha256:6687150770438374ab581bb7a1b327a847dd9c5749e396102de3fad4e8a3ef93",
                "sha256:f684034d135af4c6cbb949b8a4d2ed61634515257a67299e5f940fbaa34377f5"
            ],
            "version": "==0.6.0"
        },
        "entrypoints": {
            "hashes": [
                "sha256:589f874b313739ad35be6e0cd7efde2a4e9b6fea91edcc34e58ecbb8dbe56d19",
                "sha256:c70dd71abe5a8c85e55e12c19bd91ccfeec11a6e99044204511f9ed547d48451"
            ],
            "version": "==0.3"
        },
        "future": {
            "hashes": [
                "sha256:b1bead90b70cf6ec3f0710ae53a525360fa360d306a86583adc6bf83a4db537d"
            ],
            "version": "==0.18.2"
        },
        "html2text": {
            "hashes": [
                "sha256:490db40fe5b2cd79c461cf56be4d39eb8ca68191ae41ba3ba79f6cb05b7dd662",
                "sha256:627514fb30e7566b37be6900df26c2c78a030cc9e6211bda604d8181233bcdd4"
            ],
            "index": "pypi",
            "version": "==2018.1.9"
        },
        "idna": {
            "hashes": [
                "sha256:2c6a5de3089009e3da7c5dde64a141dbc8551d5b7f6cf4ed7c2568d0cc520a8f",
                "sha256:8c7309c718f94b3a625cb648ace320157ad16ff131ae0af362c9f21b80ef6ec4"
            ],
            "version": "==2.6"
        },
        "importlib-metadata": {
            "hashes": [
                "sha256:aa18d7378b00b40847790e7c27e11673d7fed219354109d0e7b9e5b25dc3ad26",
                "sha256:d5f18a79777f3aa179c145737780282e27b508fc8fd688cb17c7a813e8bd39af"
            ],
            "version": "==0.23"
        },
        "ipykernel": {
            "hashes": [
                "sha256:1a7def9c986f1ee018c1138d16951932d4c9d4da01dad45f9d34e9899565a22f",
                "sha256:b368ad13edb71fa2db367a01e755a925d7f75ed5e09fbd3f06c85e7a8ef108a8"
            ],
            "version": "==5.1.3"
        },
        "ipython": {
            "hashes": [
                "sha256:dfd303b270b7b5232b3d08bd30ec6fd685d8a58cabd54055e3d69d8f029f7280",
                "sha256:ed7ebe1cba899c1c3ccad6f7f1c2d2369464cc77dba8eebc65e2043e19cda995"
            ],
            "markers": "python_version >= '3.3'",
            "version": "==7.9.0"
        },
        "ipython-genutils": {
            "hashes": [
                "sha256:72dd37233799e619666c9f639a9da83c34013a73e8bbc79a7a6348d93c61fab8",
                "sha256:eb2e116e75ecef9d4d228fdc66af54269afa26ab4463042e33785b887c628ba8"
            ],
            "version": "==0.2.0"
        },
        "ipywidgets": {
            "hashes": [
                "sha256:13ffeca438e0c0f91ae583dc22f50379b9d6b28390ac7be8b757140e9a771516",
                "sha256:e945f6e02854a74994c596d9db83444a1850c01648f1574adf144fbbabe05c97"
            ],
            "version": "==7.5.1"
        },
        "jedi": {
            "hashes": [
                "sha256:786b6c3d80e2f06fd77162a07fed81b8baa22dde5d62896a790a331d6ac21a27",
                "sha256:ba859c74fa3c966a22f2aeebe1b74ee27e2a462f56d3f5f7ca4a59af61bfe42e"
            ],
            "version": "==0.15.1"
        },
        "jinja2": {
            "hashes": [
                "sha256:74320bb91f31270f9551d46522e33af46a80c3d619f4a4bf42b3164d30b5911f",
                "sha256:9fe95f19286cfefaa917656583d020be14e7859c6b0252588391e47db34527de"
            ],
            "version": "==2.10.3"
        },
        "jsonschema": {
            "hashes": [
                "sha256:2fa0684276b6333ff3c0b1b27081f4b2305f0a36cf702a23db50edb141893c3f",
                "sha256:94c0a13b4a0616458b42529091624e66700a17f847453e52279e35509a5b7631"
            ],
            "version": "==3.1.1"
        },
        "jupyter": {
            "hashes": [
                "sha256:3e1f86076bbb7c8c207829390305a2b1fe836d471ed54be66a3b8c41e7f46cc7",
                "sha256:5b290f93b98ffbc21c0c7e749f054b3267782166d72fa5e3ed1ed4eaf34a2b78",
                "sha256:d9dc4b3318f310e34c82951ea5d6683f67bed7def4b259fafbfe4f1beb1d8e5f"
            ],
            "index": "pypi",
            "version": "==1.0.0"
        },
        "jupyter-client": {
            "hashes": [
                "sha256:60e6faec1031d63df57f1cc671ed673dced0ed420f4377ea33db37b1c188b910",
                "sha256:d0c077c9aaa4432ad485e7733e4d91e48f87b4f4bab7d283d42bb24cbbba0a0f"
            ],
            "version": "==5.3.4"
        },
        "jupyter-console": {
            "hashes": [
                "sha256:308ce876354924fb6c540b41d5d6d08acfc946984bf0c97777c1ddcb42e0b2f5",
                "sha256:cc80a97a5c389cbd30252ffb5ce7cefd4b66bde98219edd16bf5cb6f84bb3568"
            ],
            "version": "==6.0.0"
        },
        "jupyter-core": {
            "hashes": [
                "sha256:464769f7387d7a62a2403d067f1ddc616655b7f77f5d810c0dd62cb54bfd0fb9",
                "sha256:a183e0ec2e8f6adddf62b0a3fc6a2237e3e0056d381e536d3e7c7ecc3067e244"
            ],
            "version": "==4.6.1"
        },
        "lazy": {
            "hashes": [
                "sha256:c80a77bf7106ba7b27378759900cfefef38271088dc63b014bcfe610c8e68e3d"
            ],
            "index": "pypi",
            "version": "==1.3"
        },
        "lazy-property": {
            "hashes": [
                "sha256:3a1cd36949b323468731ba569e169415a609d5904d53fffe982055fbe67b1180",
                "sha256:907b3a9e653771f4d0bcafd0fbfcdac8aaade85b31ed7eccd1cbfe59c59b149f"
            ],
            "index": "pypi",
            "version": "==0.0.1"
        },
        "lxml": {
            "hashes": [
                "sha256:0ee07da52d240f1dc3c83eef5cd5f1b7f018226c1121f2a54d446645779a6d17",
                "sha256:155521c337acecf8202091cff85bb9f709f238130ebadf04280fb1db11f5ad8b",
                "sha256:155c916cf2645b4a8f2bd5d09065e92d1b67b8d464bdc001e0b524af84bedf6f",
                "sha256:2190266059fec3c5a55f9d6c30532c64c6d414d3228909c0af573fe4907e78d1",
                "sha256:29a36e354c39b2e24bc4ee103de53417ebb80f976a6ab9e8d093d559e2ac03e1",
                "sha256:2dedfeeecc2d5a939cf622602f5a1ce443ca82407f386880f739f1a9f08053ad",
                "sha256:3b33549fb8f91b38a7500078242b03cca513f3412a2cdae722e89bf83f95971d",
                "sha256:4187c4b0cefc3353181db048c51f42c489d9ac51e40b86c4851dc0671372971d",
                "sha256:41f59cbdab232f11680d5d4dec9f2e6782fd24d78e37ee833447702e34e675f4",
                "sha256:470d7ce41e8047208ba1a376560bad17f1468df1f3097bc83902b26cfafdbb0c",
                "sha256:49a655956f8de69e1258bc0fcfc43eb3bd1e038655784d77d1869b4b81444e37",
                "sha256:4c12e90886d9c53ab434c8d0cebea122321cce19614c3c6b6d1a7700d7cc6212",
                "sha256:6cba398eb37e0631e60e0e080c101cfe91769b2c8267105b64b4625e2581ea21",
                "sha256:79322000279cda10b53c374d53ca632ead3bc51c6aebf8e62c8fa93a4d08b750",
                "sha256:87a66bcadac270fc010cb029022a93fc722bf1204a8b03e782d4c790f0edf7ca",
                "sha256:940caef1ec7c78e0c34b0f6b94fe42d0f2022915ffc78643d28538a5cfd0f40e",
                "sha256:950e63387514aa1b881eba5ac6cb2ec51a118b3dafe99dd80ca19d8fb0142f30",
                "sha256:af8a5373241d09b8fc53e0490e1719ce5dc90a21b19db89b6596c1adcdd52270",
                "sha256:b106d4d2383382399ad82108fd187e92f40b1c90f55c2d36bbcb1c44bcf940fc",
                "sha256:ba05732e4bcf59e948f61588851dcf620fd60d5bbd9d704203e5f59bbaa60219",
                "sha256:d2c985d2460b81c6ca5feb8b86f1bc594ad59405d0bdf68626b85852b701553c",
                "sha256:d5d29663e979e83b3fc361e97200f959cddb3a14797391d15273d84a5a8ae44b",
                "sha256:dd291debfaa535d9cb6cee8d7aca2328775e037d02d13f1634e57f49bc302cc4",
                "sha256:e37427d5a27eefbcfc48847e0b37f348113fac7280bc857421db39ffc6372570",
                "sha256:e608839a5ee2180164424ccf279c8e2d9bbe8816d002c58fd97d6b621ba4aa94",
                "sha256:e6b6698415c7e8d227a47a3b1038e1b37c2b438a1b48c2db7ad9e74ddbcd1149",
                "sha256:e7e41d383f19bab9d57f5f3b18d158655bcd682e7e723f441b9e183e1e35a6b5",
                "sha256:fa7320679ced5e25b20203d157280680fc84eb783b6cc650cb0c98e1858b7dd3"
            ],
            "index": "pypi",
            "version": "==4.1.1"
        },
        "markupsafe": {
            "hashes": [
                "sha256:00bc623926325b26bb9605ae9eae8a215691f33cae5df11ca5424f06f2d1f473",
                "sha256:09027a7803a62ca78792ad89403b1b7a73a01c8cb65909cd876f7fcebd79b161",
                "sha256:09c4b7f37d6c648cb13f9230d847adf22f8171b1ccc4d5682398e77f40309235",
                "sha256:1027c282dad077d0bae18be6794e6b6b8c91d58ed8a8d89a89d59693b9131db5",
                "sha256:24982cc2533820871eba85ba648cd53d8623687ff11cbb805be4ff7b4c971aff",
                "sha256:29872e92839765e546828bb7754a68c418d927cd064fd4708fab9fe9c8bb116b",
                "sha256:43a55c2930bbc139570ac2452adf3d70cdbb3cfe5912c71cdce1c2c6bbd9c5d1",
                "sha256:46c99d2de99945ec5cb54f23c8cd5689f6d7177305ebff350a58ce5f8de1669e",
                "sha256:500d4957e52ddc3351cabf489e79c91c17f6e0899158447047588650b5e69183",
                "sha256:535f6fc4d397c1563d08b88e485c3496cf5784e927af890fb3c3aac7f933ec66",
                "sha256:62fe6c95e3ec8a7fad637b7f3d372c15ec1caa01ab47926cfdf7a75b40e0eac1",
                "sha256:6dd73240d2af64df90aa7c4e7481e23825ea70af4b4922f8ede5b9e35f78a3b1",
                "sha256:717ba8fe3ae9cc0006d7c451f0bb265ee07739daf76355d06366154ee68d221e",
                "sha256:79855e1c5b8da654cf486b830bd42c06e8780cea587384cf6545b7d9ac013a0b",
                "sha256:7c1699dfe0cf8ff607dbdcc1e9b9af1755371f92a68f706051cc8c37d447c905",
                "sha256:88e5fcfb52ee7b911e8bb6d6aa2fd21fbecc674eadd44118a9cc3863f938e735",
                "sha256:8defac2f2ccd6805ebf65f5eeb132adcf2ab57aa11fdf4c0dd5169a004710e7d",
                "sha256:98c7086708b163d425c67c7a91bad6e466bb99d797aa64f965e9d25c12111a5e",
                "sha256:9add70b36c5666a2ed02b43b335fe19002ee5235efd4b8a89bfcf9005bebac0d",
                "sha256:9bf40443012702a1d2070043cb6291650a0841ece432556f784f004937f0f32c",
                "sha256:ade5e387d2ad0d7ebf59146cc00c8044acbd863725f887353a10df825fc8ae21",
                "sha256:b00c1de48212e4cc9603895652c5c410df699856a2853135b3967591e4beebc2",
                "sha256:b1282f8c00509d99fef04d8ba936b156d419be841854fe901d8ae224c59f0be5",
                "sha256:b2051432115498d3562c084a49bba65d97cf251f5a331c64a12ee7e04dacc51b",
                "sha256:ba59edeaa2fc6114428f1637ffff42da1e311e29382d81b339c1817d37ec93c6",
                "sha256:c8716a48d94b06bb3b2524c2b77e055fb313aeb4ea620c8dd03a105574ba704f",
                "sha256:cd5df75523866410809ca100dc9681e301e3c27567cf498077e8551b6d20e42f",
                "sha256:e249096428b3ae81b08327a63a485ad0878de3fb939049038579ac0ef61e17e7"
            ],
            "version": "==1.1.1"
        },
        "mistune": {
            "hashes": [
                "sha256:59a3429db53c50b5c6bcc8a07f8848cb00d7dc8bdb431a4ab41920d201d4756e",
                "sha256:88a1051873018da288eee8538d476dffe1262495144b33ecb586c4ab266bb8d4"
            ],
            "version": "==0.8.4"
        },
        "more-itertools": {
            "hashes": [
                "sha256:409cd48d4db7052af495b09dec721011634af3753ae1ef92d2b32f73a745f832",
                "sha256:92b8c4b06dac4f0611c0729b2f2ede52b2e1bac1ab48f089c7ddc12e26bb60c4"
            ],
            "version": "==7.2.0"
        },
        "nbconvert": {
            "hashes": [
                "sha256:21fb48e700b43e82ba0e3142421a659d7739b65568cc832a13976a77be16b523",
                "sha256:f0d6ec03875f96df45aa13e21fd9b8450c42d7e1830418cccc008c0df725fcee"
            ],
            "version": "==5.6.1"
        },
        "nbformat": {
            "hashes": [
                "sha256:b9a0dbdbd45bb034f4f8893cafd6f652ea08c8c1674ba83f2dc55d3955743b0b",
                "sha256:f7494ef0df60766b7cabe0a3651556345a963b74dbc16bc7c18479041170d402"
            ],
            "version": "==4.4.0"
        },
        "nltk": {
            "hashes": [
                "sha256:2661f9971d983db314bbebd51ba770811a362c6597fd0f303bb1d3beadcb4834"
            ],
            "index": "pypi",
            "version": "==3.2.5"
        },
        "notebook": {
            "hashes": [
                "sha256:573e0ae650c5d76b18b6e564ba6d21bf321d00847de1d215b418acb64f056eb8",
                "sha256:f64fa6624d2323fbef6210a621817d6505a45d0d4a9367f1843b20a38a4666ee"
            ],
            "index": "pypi",
            "version": "==5.7.8"
        },
        "numexpr": {
            "hashes": [
                "sha256:08bdae334855b19c55137b5a3c0d1bb1b05f23f7e6df24e47dfc8d5b3de4e10a",
                "sha256:0a7c9bdac56ced9d8d8e8f7b2114d5c7bb0b78373f81e6be3a1d147455b5fb5c",
                "sha256:0fbae343da0b8246feb2347696669ab2110d6ef36806f2a94eecf98ce9b717d0",
                "sha256:16a92b61e6fc3fc351c36def2bce34d5fc1a519deb9320d1112fec443c0e0b04",
                "sha256:16bf19e001000860acf81ada3b9392b39d9986abf30c507537fa417c9ee7b7b8",
                "sha256:201056cdf4b769148097f90929b7b31f8e638212cfebc8524e6ad3220cdcaf1a",
                "sha256:37324b5981b8962102bdc8640c4f05f5589da5d1df2702418783085cb78ca217",
                "sha256:39e9a2feb85778f2085dd771f92853949120b135bca4ae195e4767bcf54ad379",
                "sha256:49f97366ed8e0e970ae7f96d569d4aee6372dfe61951cd08b142edada2c459d7",
                "sha256:4ed81428c9dd1cfb4e491ea61a2789d6e1c65262ca904a42577fc0bbee91520d",
                "sha256:5e1b771425e172b3d021c7304605e49a578bb7553ee00adda2f3ca12a7f0831c",
                "sha256:70344db42a1e0f185b636729f6e4ad16510abc8d23a42557e9480254ba9b1d1a",
                "sha256:78b38ae1cc7a521e1565d85e4c659a586040267615a9333b8b6922b206c67831",
                "sha256:8026b7e9b506f2257ddd9b8f2532a9a90682be6c63f20807c493290160e28b4e",
                "sha256:81e4bf39c466392b30d11ef80f88a656a6021ce6db3ca0c18d07c1bf75b0ab09",
                "sha256:85a743544be9eff5734060451da9da7eb5b49ec75e596020aad385b6af98f064",
                "sha256:8798b65e5d96fce2c595bdec43377b6154fe67e89ba04718402d66f03124f8cc",
                "sha256:9d2b645319a826f1901728761b3474f426d5b2ea208ff29bd4c44669b2802199",
                "sha256:aac593ee3b7fde6cd7aca956cd084a4ad5783326e563f05340427d934c7aca6f",
                "sha256:aff55bcfa9590f039c0ed454b3b757a65f43fb9a8af6d2bcac3dca6a6b8491b1",
                "sha256:b2ed14711790b8506d914c3e1e31a855d89316bc332ac3208632772edf73580d",
                "sha256:b6805fc38c743c81bdc8d9de7887f055f96205a79db97f613c061b375e64d299",
                "sha256:bacc2229201af53ea9c27e439b3507394c0bc6ab18cc776868be2c5150442644",
                "sha256:bae34759be74476cc7b8746b86eb19e7a5a8e3964df73f4096b539fcadd51f52",
                "sha256:cae704f0bcb6bbb22a0bdfd0e44c92b02f79e3396a7846f2f94b39cde1c1865c",
                "sha256:d1f91b98c4e525467b5c26759135bf30413c671a58dd729babc89d4b37619a72",
                "sha256:ec1329069312deed2161525be2492d13aee48df94cf406fd1d613e6250d9579e",
                "sha256:f9c5ca97e4cd84fe55579c3d764ddff08cefbb9318888d3be6d0455c5c2297bc"
            ],
            "version": "==2.7.0"
        },
        "numpy": {
            "hashes": [
                "sha256:1479b46b6040b5c689831496354c8859c456b152d37315673a0c18720b41223b",
                "sha256:194074058c22a4066e1b6a4ea432486ee468d24ab16f13630c1030409e6b8666",
                "sha256:24bbec9a199f938eab75de8390f410969bc33c218e5430fa1ae9401b00865255",
                "sha256:289ff717138cd9aa133adcbd3c3e284458b9c8230db4d42b39083a3407370317",
                "sha256:3de643935b212307b420248018323a44ec51987a336d1d747c1322afc3c099fb",
                "sha256:428cd3c0b197cf857671353d8c85833193921af9fafcc169a1f29c7185833d50",
                "sha256:4e13f1a848fde960dea33702770265837c72b796a6a3eaac7528cfe75ddefadd",
                "sha256:5c54fb98ecf42da59ed93736d1c071842482b18657eb16ba6e466bd873e1b923",
                "sha256:6112f152b76a28c450bbf665da11757078a724a90330112f5b7ea2d6b6cefd67",
                "sha256:75471acf298d455b035226cc609a92aee42c4bb6aa71def85f77fa2c2b646b61",
                "sha256:781d3197da49c421a07f250750de70a52c42af08ca02a2f7bdb571c0625ae7eb",
                "sha256:7880f412543e96548374a4bb1d75e4cdb8cad80f3a101ed0f8d0e0428f719c1c",
                "sha256:7c5276763646480143d5f3a6c2acb2885460c765051a1baf4d5070f63d05010f",
                "sha256:91101216d72749df63968d86611b549438fb18af2c63849c01f9a897516133c7",
                "sha256:93b26d6c06a22e64d56aaca32aaaffd27a4143db0ac2f21a048f0b571f2bfc55",
                "sha256:97507349abb7d1f6b76b877258defe8720833881dc7e7fd052bac90c88587387",
                "sha256:98b1ac79c160e36093d7914244e40ee1e7164223e795aa2c71dcce367554e646",
                "sha256:9ddf384ac3aacb72e122a8207775cc29727cbd9c531ee1a4b95754f24f42f7f3",
                "sha256:a476e437d73e5754aa66e1e75840d0163119c3911b7361f4cd06985212a3c3fb",
                "sha256:b2547f57d05ba59df4289493254f29f4c9082d255f1f97b7e286f40f453e33a1",
                "sha256:c5eccb4bf96dbb2436c61bb3c2658139e779679b6ae0d04c5e268e6608b58053",
                "sha256:eef6af1c752eef538a96018ef9bdf8e37bbf28aab50a1436501a4aa47a6467df",
                "sha256:ff8a4b2c3ac831964f529a2da506c28d002562b230261ae5c16885f5f53d2e75"
            ],
            "index": "pypi",
            "version": "==1.14.0"
        },
        "pandas": {
            "hashes": [
                "sha256:02541a4fdd31315f213a5c8e18708abad719ee03eda05f603c4fe973e9b9d770",
                "sha256:052a66f58783a59ea38fdfee25de083b107baa81fdbe38fabd169d0f9efce2bf",
                "sha256:06efae5c00b9f4c6e6d3fe1eb52e590ff0ea8e5cb58032c724e04d31c540de53",
                "sha256:12f2a19d0b0adf31170d98d0e8bcbc59add0965a9b0c65d39e0665400491c0c5",
                "sha256:244ae0b9e998cfa88452a49b20e29bf582cc7c0e69093876d505aec4f8e1c7fe",
                "sha256:2907f3fe91ca2119ac3c38de6891bbbc83333bfe0d98309768fee28de563ee7a",
                "sha256:44a94091dd71f05922eec661638ec1a35f26d573c119aa2fad964f10a2880e6c",
                "sha256:587a9816cc663c958fcff7907c553b73fe196604f990bc98e1b71ebf07e45b44",
                "sha256:66403162c8b45325a995493bdd78ad4d8be085e527d721dbfa773d56fbba9c88",
                "sha256:68ac484e857dcbbd07ea7c6f516cc67f7f143f5313d9bc661470e7f473528882",
                "sha256:68b121d13177f5128a4c118bb4f73ba40df28292c038389961aa55ea5a996427",
                "sha256:97c8223d42d43d86ca359a57b4702ca0529c6553e83d736e93a5699951f0f8db",
                "sha256:af0dbac881f6f87acd325415adea0ce8cccf28f5d4ad7a54b6a1e176e2f7bf70",
                "sha256:c2cd884794924687edbaad40d18ac984054d247bb877890932c4d41e3c3aba31",
                "sha256:c372db80a5bcb143c9cb254d50f902772c3b093a4f965275197ec2d2184b1e61"
            ],
            "index": "pypi",
            "version": "==0.22.0"
        },
        "pandocfilters": {
            "hashes": [
                "sha256:b3dd70e169bb5449e6bc6ff96aea89c5eea8c5f6ab5e207fc2f521a2cf4a0da9"
            ],
            "version": "==1.4.2"
        },
        "parso": {
            "hashes": [
                "sha256:63854233e1fadb5da97f2744b6b24346d2750b85965e7e399bec1620232797dc",
                "sha256:666b0ee4a7a1220f65d367617f2cd3ffddff3e205f3f16a0284df30e774c2a9c"
            ],
            "version": "==0.5.1"
        },
        "pexpect": {
            "hashes": [
                "sha256:2094eefdfcf37a1fdbfb9aa090862c1a4878e5c7e0e7e7088bdb511c558e5cd1",
                "sha256:9e2c1fd0e6ee3a49b28f95d4b33bc389c89b20af6a1255906e90ff1262ce62eb"
            ],
            "markers": "sys_platform != 'win32'",
            "version": "==4.7.0"
        },
        "pickleshare": {
            "hashes": [
                "sha256:87683d47965c1da65cdacaf31c8441d12b8044cdec9aca500cd78fc2c683afca",
                "sha256:9649af414d74d4df115d5d718f82acb59c9d418196b7b4290ed47a12ce62df56"
            ],
            "version": "==0.7.5"
        },
        "prometheus-client": {
            "hashes": [
                "sha256:71cd24a2b3eb335cb800c7159f423df1bd4dcd5171b234be15e3f31ec9f622da"
            ],
            "version": "==0.7.1"
        },
        "prompt-toolkit": {
            "hashes": [
                "sha256:46642344ce457641f28fc9d1c9ca939b63dadf8df128b86f1b9860e59c73a5e4",
                "sha256:e7f8af9e3d70f514373bf41aa51bc33af12a6db3f71461ea47fea985defb2c31",
                "sha256:f15af68f66e664eaa559d4ac8a928111eebd5feda0c11738b5998045224829db"
            ],
            "version": "==2.0.10"
        },
        "psycopg2": {
            "hashes": [
                "sha256:009e0bc09a57dbef4b601cb8b46a2abad51f5274c8be4bba276ff2884cd4cc53",
                "sha256:0344b181e1aea37a58c218ccb0f0f771295de9aa25a625ed076e6996c6530f9e",
                "sha256:0cd4c848f0e9d805d531e44973c8f48962e20eb7fc0edac3db4f9dbf9ed5ab82",
                "sha256:1286dd16d0e46d59fa54582725986704a7a3f3d9aca6c5902a7eceb10c60cb7e",
                "sha256:1cf5d84290c771eeecb734abe2c6c3120e9837eb12f99474141a862b9061ac51",
                "sha256:207ba4f9125a0a4200691e82d5eee7ea1485708eabe99a07fc7f08696fae62f4",
                "sha256:25250867a4cd1510fb755ef9cb38da3065def999d8e92c44e49a39b9b76bc893",
                "sha256:2954557393cfc9a5c11a5199c7a78cd9c0c793a047552d27b1636da50d013916",
                "sha256:317612d5d0ca4a9f7e42afb2add69b10be360784d21ce4ecfbca19f1f5eadf43",
                "sha256:37f54452c7787dbdc0a634ca9773362b91709917f0b365ed14b831f03cbd34ba",
                "sha256:40fa5630cd7d237cd93c4d4b64b9e5ed9273d1cfce55241c7f9066f5db70629d",
                "sha256:57baf63aeb2965ca4b52613ce78e968b6d2bde700c97f6a7e8c6c236b51ab83e",
                "sha256:594aa9a095de16614f703d759e10c018bdffeafce2921b8e80a0e8a0ebbc12e5",
                "sha256:5c3213be557d0468f9df8fe2487eaf2990d9799202c5ff5cb8d394d09fad9b2a",
                "sha256:697ff63bc5451e0b0db48ad205151123d25683b3754198be7ab5fcb44334e519",
                "sha256:6c2f1a76a9ebd9ecf7825b9e20860139ca502c2bf1beabf6accf6c9e66a7e0c3",
                "sha256:7a75565181e75ba0b9fb174b58172bf6ea9b4331631cfe7bafff03f3641f5d73",
                "sha256:7a9c6c62e6e05df5406e9b5235c31c376a22620ef26715a663cee57083b3c2ea",
                "sha256:7c31dade89634807196a6b20ced831fbd5bec8a21c4e458ea950c9102c3aa96f",
                "sha256:82c40ea3ac1555e0462803380609fbe8b26f52620f3d4f8eb480cfd8ceed8a14",
                "sha256:8f5942a4daf1ffac42109dc4a72f786af4baa4fa702ede1d7c57b4b696c2e7d6",
                "sha256:92179bd68c2efe72924a99b6745a9172471931fc296f9bfdf9645b75eebd6344",
                "sha256:94e4128ba1ea56f02522fffac65520091a9de3f5c00da31539e085e13db4771b",
                "sha256:988d2ec7560d42ef0ac34b3b97aad14c4f068792f00e1524fa1d3749fe4e4b64",
                "sha256:9d6266348b15b4a48623bf4d3e50445d8e581da413644f365805b321703d0fac",
                "sha256:9d64fed2681552ed642e9c0cc831a9e95ab91de72b47d0cb68b5bf506ba88647",
                "sha256:b9358e203168fef7bfe9f430afaed3a2a624717a1d19c7afa7dfcbd76e3cd95c",
                "sha256:bf708455cd1e9fa96c05126e89a0c59b200d086c7df7bbafc7d9be769e4149a3",
                "sha256:d3ac07240e2304181ffdb13c099840b5eb555efc7be9344503c0c03aa681de79",
                "sha256:ddca39cc55877653b5fcf59976d073e3d58c7c406ef54ae8e61ddf8782867182",
                "sha256:fc993c9331d91766d54757bbc70231e29d5ceb2d1ac08b1570feaa0c38ab9582"
            ],
            "index": "pypi",
            "version": "==2.7.3.2"
        },
        "ptyprocess": {
            "hashes": [
                "sha256:923f299cc5ad920c68f2bc0bc98b75b9f838b93b599941a6b63ddbc2476394c0",
                "sha256:d7cc528d76e76342423ca640335bd3633420dc1366f258cb31d05e865ef5ca1f"
            ],
            "markers": "os_name != 'nt'",
            "version": "==0.6.0"
        },
        "pyenchant": {
            "hashes": [
                "sha256:b9526fc2c5f1ba0637e50200b645a7c20fb6644dbc6f6322027e7d2fbf1084a5",
                "sha256:e8000144e61551fcab9cd1b6fdccdded20e577e8d6d0985533f0b2b9c38fd952",
                "sha256:fc31cda72ace001da8fe5d42f11c26e514a91fa8c70468739216ddd8de64e2a0"
            ],
            "index": "pypi",
            "version": "==2.0.0"
        },
        "pygments": {
            "hashes": [
                "sha256:71e430bc85c88a430f000ac1d9b331d2407f681d6f6aec95e8bcfbc3df5b0127",
                "sha256:881c4c157e45f30af185c1ffe8d549d48ac9127433f2c380c24b84572ad66297"
            ],
            "version": "==2.4.2"
        },
        "pyrsistent": {
            "hashes": [
                "sha256:eb6545dbeb1aa69ab1fb4809bfbf5a8705e44d92ef8fc7c2361682a47c46c778"
            ],
            "version": "==0.15.5"
        },
        "python-dateutil": {
            "hashes": [
                "sha256:73ebfe9dbf22e832286dafa60473e4cd239f8592f699aa5adaf10050e6e1823c",
                "sha256:75bb3f31ea686f1197762692a9ee6a7550b59fc6ca3a1f4b5d7e32fb98e2da2a"
            ],
            "version": "==2.8.1"
        },
        "pytz": {
            "hashes": [
                "sha256:1c557d7d0e871de1f5ccd5833f60fb2550652da6be2693c1e02300743d21500d",
                "sha256:b02c06db6cf09c12dd25137e563b31700d3b80fcc4ad23abb7a315f2789819be"
            ],
            "version": "==2019.3"
        },
        "pyzmq": {
            "hashes": [
                "sha256:01636e95a88d60118479041c6aaaaf5419c6485b7b1d37c9c4dd424b7b9f1121",
                "sha256:021dba0d1436516092c624359e5da51472b11ba8edffa334218912f7e8b65467",
                "sha256:0463bd941b6aead494d4035f7eebd70035293dd6caf8425993e85ad41de13fa3",
                "sha256:05fd51edd81eed798fccafdd49c936b6c166ffae7b32482e4d6d6a2e196af4e6",
                "sha256:1fadc8fbdf3d22753c36d4172169d184ee6654f8d6539e7af25029643363c490",
                "sha256:22efa0596cf245a78a99060fe5682c4cd00c58bb7614271129215c889062db80",
                "sha256:260c70b7c018905ec3659d0f04db735ac830fe27236e43b9dc0532cf7c9873ef",
                "sha256:2762c45e289732d4450406cedca35a9d4d71e449131ba2f491e0bf473e3d2ff2",
                "sha256:2fc6cada8dc53521c1189596f1898d45c5f68603194d3a6453d6db4b27f4e12e",
                "sha256:343b9710a61f2b167673bea1974e70b5dccfe64b5ed10626798f08c1f7227e72",
                "sha256:41bf96d5f554598a0632c3ec28e3026f1d6591a50f580df38eff0b8067efb9e7",
                "sha256:856b2cdf7a1e2cbb84928e1e8db0ea4018709b39804103d3a409e5584f553f57",
                "sha256:85b869abc894672de9aecdf032158ea8ad01e2f0c3b09ef60e3687fb79418096",
                "sha256:9055ed3f443edae7dc80f253fc54257f8455fc3062a7832c60887409e27c9f82",
                "sha256:93f44739db69234c013a16990e43db1aa0af3cf5a4b8b377d028ff24515fbeb3",
                "sha256:98fa3e75ccb22c0dc99654e3dd9ff693b956861459e8c8e8734dd6247b89eb29",
                "sha256:9a22c94d2e93af8bebd4fcf5fa38830f5e3b1ff0d4424e2912b07651eb1bafb4",
                "sha256:a7d3f4b4bbb5d7866ae727763268b5c15797cbd7b63ea17f3b0ec1067da8994b",
                "sha256:b645a49376547b3816433a7e2d2a99135c8e651e50497e7ecac3bd126e4bea16",
                "sha256:cf0765822e78cf9e45451647a346d443f66792aba906bc340f4e0ac7870c169c",
                "sha256:dc398e1e047efb18bfab7a8989346c6921a847feae2cad69fedf6ca12fb99e2c",
                "sha256:dd5995ae2e80044e33b5077fb4bc2b0c1788ac6feaf15a6b87a00c14b4bdd682",
                "sha256:e03fe5e07e70f245dc9013a9d48ae8cc4b10c33a1968039c5a3b64b5d01d083d",
                "sha256:ea09a306144dff2795e48439883349819bef2c53c0ee62a3c2fae429451843bb",
                "sha256:f4e37f33da282c3c319849877e34f97f0a3acec09622ec61b7333205bdd13b52",
                "sha256:fa4bad0d1d173dee3e8ef3c3eb6b2bb6c723fc7a661eeecc1ecb2fa99860dd45"
            ],
            "version": "==18.1.0"
        },
        "qtconsole": {
            "hashes": [
                "sha256:40d5d8e00d070ea266dbf6f0da74c4b9597b8b8d67cd8233c3ffd8debf923703",
                "sha256:b91e7412587e6cfe1644696538f73baf5611e837be5406633218443b2827c6d9"
            ],
            "version": "==4.5.5"
        },
        "regex": {
            "hashes": [
                "sha256:15454b37c5a278f46f7aa2d9339bda450c300617ca2fca6558d05d870245edc7",
                "sha256:1ad40708c255943a227e778b022c6497c129ad614bb7a2a2f916e12e8a359ee7",
                "sha256:5e00f65cc507d13ab4dfa92c1232d004fa202c1d43a32a13940ab8a5afe2fb96",
                "sha256:604dc563a02a74d70ae1f55208ddc9bfb6d9f470f6d1a5054c4bd5ae58744ab1",
                "sha256:720e34a539a76a1fedcebe4397290604cc2bdf6f81eca44adb9fb2ea071c0c69",
                "sha256:7caf47e4a9ac6ef08cabd3442cc4ca3386db141fb3c8b2a7e202d0470028e910",
                "sha256:7faf534c1841c09d8fefa60ccde7b9903c9b528853ecf41628689793290ca143",
                "sha256:b4e0406d822aa4993ac45072a584d57aa4931cf8288b5455bbf30c1d59dbad59",
                "sha256:c31eaf28c6fe75ea329add0022efeed249e37861c19681960f99bbc7db981fb2",
                "sha256:c7393597191fc2043c744db021643549061e12abe0b3ff5c429d806de7b93b66",
                "sha256:d2b302f8cdd82c8f48e9de749d1d17f85ce9a0f082880b9a4859f66b07037dc6",
                "sha256:e3d8dd0ec0ea280cf89026b0898971f5750a7bd92cb62c51af5a52abd020054a",
                "sha256:ec032cbfed59bd5a4b8eab943c310acfaaa81394e14f44454ad5c9eba4f24a74"
            ],
            "version": "==2019.11.1"
        },
        "requests": {
            "hashes": [
                "sha256:6a1b267aa90cac58ac3a765d067950e7dbbf75b1da07e895d1f594193a40a38b",
                "sha256:9c443e7324ba5b85070c4a818ade28bfabedf16ea10206da1132edaa6dda237e"
            ],
            "index": "pypi",
            "version": "==2.18.4"
        },
        "ruamel.yaml": {
            "hashes": [
                "sha256:0db639b1b2742dae666c6fc009b8d1931ef15c9276ef31c0673cc6dcf766cf40",
                "sha256:412a6f5cfdc0525dee6a27c08f5415c7fd832a7afcb7a0ed7319628aed23d408"
            ],
            "version": "==0.16.5"
        },
        "ruamel.yaml.clib": {
            "hashes": [
                "sha256:1e77424825caba5553bbade750cec2277ef130647d685c2b38f68bc03453bac6",
                "sha256:392b7c371312abf27fb549ec2d5e0092f7ef6e6c9f767bfb13e83cb903aca0fd",
                "sha256:4d55386129291b96483edcb93b381470f7cd69f97585829b048a3d758d31210a",
                "sha256:550168c02d8de52ee58c3d8a8193d5a8a9491a5e7b2462d27ac5bf63717574c9",
                "sha256:57933a6986a3036257ad7bf283529e7c19c2810ff24c86f4a0cfeb49d2099919",
                "sha256:615b0396a7fad02d1f9a0dcf9f01202bf9caefee6265198f252c865f4227fcc6",
                "sha256:77556a7aa190be9a2bd83b7ee075d3df5f3c5016d395613671487e79b082d784",
                "sha256:7aee724e1ff424757b5bd8f6c5bbdb033a570b2b4683b17ace4dbe61a99a657b",
                "sha256:8073c8b92b06b572e4057b583c3d01674ceaf32167801fe545a087d7a1e8bf52",
                "sha256:9c6d040d0396c28d3eaaa6cb20152cb3b2f15adf35a0304f4f40a3cf9f1d2448",
                "sha256:a0ff786d2a7dbe55f9544b3f6ebbcc495d7e730df92a08434604f6f470b899c5",
                "sha256:b1b7fcee6aedcdc7e62c3a73f238b3d080c7ba6650cd808bce8d7761ec484070",
                "sha256:b66832ea8077d9b3f6e311c4a53d06273db5dc2db6e8a908550f3c14d67e718c",
                "sha256:d0d3ac228c9bbab08134b4004d748cf9f8743504875b3603b3afbb97e3472947",
                "sha256:d10e9dd744cf85c219bf747c75194b624cc7a94f0c80ead624b06bfa9f61d3bc",
                "sha256:ea4362548ee0cbc266949d8a441238d9ad3600ca9910c3fe4e82ee3a50706973",
                "sha256:ed5b3698a2bb241b7f5cbbe277eaa7fe48b07a58784fba4f75224fd066d253ad",
                "sha256:f9dcc1ae73f36e8059589b601e8e4776b9976effd76c21ad6a855a74318efd6e"
            ],
            "markers": "platform_python_implementation == 'CPython' and python_version < '3.8'",
            "version": "==0.2.0"
        },
        "send2trash": {
            "hashes": [
                "sha256:60001cc07d707fe247c94f74ca6ac0d3255aabcb930529690897ca2a39db28b2",
                "sha256:f1691922577b6fa12821234aeb57599d887c4900b9ca537948d2dac34aea888b"
            ],
            "version": "==1.5.0"
        },
        "six": {
            "hashes": [
                "sha256:1f1b7d42e254082a9db6279deae68afb421ceba6158efa6131de7b3003ee93fd",
                "sha256:30f610279e8b2578cab6db20741130331735c781b56053c59c4076da27f06b66"
            ],
            "version": "==1.13.0"
        },
        "tables": {
            "hashes": [
                "sha256:01a9324e15b4ca65fe5a70d9ba9fadca27f0063f94afb37466c463c3cf10d1d9",
                "sha256:0f0973e17130fc72b3db2ed1e1c9d9be3bf516eed5e0df787bde0379d11d58a9",
                "sha256:14a11a87659e19dbed2aaca2fc3fe5003ec67cf009cd2d450edf9d7568510777",
                "sha256:1af371d02344f6704bc4d2e3229be5e41ae60f24226a212d261035b48272c936",
                "sha256:1d8f123df4bd9528b854a27803fa8a97d16e6d61fd4519c86e2559815defa4dc",
                "sha256:30e48c32a0871527811feb3fc3bc185fcde13e230ca75812d07a6d7dcaa14838",
                "sha256:44e6aafdf2cce17724d5d02692ca5bb34b8cfd2c77224d464fc45c71e5e33d60",
                "sha256:4ca056bedb1d14c68e715e683d3b5f905efbd59b638611b68a24cacfab69fca8",
                "sha256:59e8a9191788cdda321bd508dbe787b7484cf669d2d78af892f579929e467397",
                "sha256:5b4dda142f51d44e67c9183233d1d5381e32b18f87ebe50f60fa3a82b72417dd",
                "sha256:5e050dd1ac4781da43ceac55a88210489b502dae1ccad08df6ad1de778d51b8e",
                "sha256:64f2a06a6ab308c12885e1ffcdb9127e2d2a5c7b4573c0bc63b707fdfc36aaa8",
                "sha256:6671dc33324a07f4497695c7c8767544c01fd20bc275b47f9f343de4a0c26219",
                "sha256:682cae72232557be68f79449e55d893d478b93e59de97763d8e596d26276027f",
                "sha256:716c1eb08e2f999a7c262c289107c773dec8cb2b39d59cb43aa74fe75a6139d8",
                "sha256:750a80d627a2a36a5b02a3bb319bae3c8d11fb25177ea05223392c50825782e5",
                "sha256:7999f13283cea8e29a88390478ea8355b440b48ec21ca302469a88426e5bb165",
                "sha256:866f4a21a04e624f29ee9a51101f0a2d8979c3a03db520318b9eef6127f013ab",
                "sha256:88dfafaaa6e8a1f3b0b72bb0c909501cddfd66df6e7abb7c1cb73cf5bd1e305d",
                "sha256:949b841718c3efeb73ffc4931e7b0431014669a9799f958504cfc78f9251b763",
                "sha256:aad6bfaddf6345bc607e9757b5e4da843b9b71f345d7b37d582fbf766b830e69",
                "sha256:bfa3a013b60465f61c600874907cedecc3199e13e92c2cc14da87615eaf50ff3",
                "sha256:c7a3c908298178c756e704af0530e5536ea0a8097326dcb7cb40196c8f44afde",
                "sha256:d5833b63dda0f8f74f986dc09d8542749ea23228a1cc43ad781d78953e063c66",
                "sha256:e7fece81964b1b8c9a492a9b9436a68d4c38aa203dfd0206f40c90a7995f543b",
                "sha256:fdbbea4edb6bad0ac0e53fc7bc6970e78e12eef4944aa4146bcdcb573201676c"
            ],
            "index": "pypi",
            "version": "==3.4.2"
        },
        "terminado": {
            "hashes": [
                "sha256:d9d012de63acb8223ac969c17c3043337c2fcfd28f3aea1ee429b345d01ef460",
                "sha256:de08e141f83c3a0798b050ecb097ab6259c3f0331b2f7b7750c9075ced2c20c2"
            ],
            "version": "==0.8.2"
        },
        "testpath": {
            "hashes": [
                "sha256:60e0a3261c149755f4399a1fff7d37523179a70fdc3abdf78de9fc2604aeec7e",
                "sha256:bfcf9411ef4bf3db7579063e0546938b1edda3d69f4e1fb8756991f5951f85d4"
            ],
            "version": "==0.4.4"
        },
        "tornado": {
            "hashes": [
                "sha256:349884248c36801afa19e342a77cc4458caca694b0eda633f5878e458a44cb2c",
                "sha256:398e0d35e086ba38a0427c3b37f4337327231942e731edaa6e9fd1865bbd6f60",
                "sha256:4e73ef678b1a859f0cb29e1d895526a20ea64b5ffd510a2307b5998c7df24281",
                "sha256:559bce3d31484b665259f50cd94c5c28b961b09315ccd838f284687245f416e5",
                "sha256:abbe53a39734ef4aba061fca54e30c6b4639d3e1f59653f0da37a0003de148c7",
                "sha256:c845db36ba616912074c5b1ee897f8e0124df269468f25e4fe21fe72f6edd7a9",
                "sha256:c9399267c926a4e7c418baa5cbe91c7d1cf362d505a1ef898fde44a07c9dd8a5"
            ],
            "version": "==6.0.3"
        },
        "tqdm": {
            "hashes": [
                "sha256:4c041f8019f7be65b8028ddde9a836f7ccc51c4637f1ff2ba9b5813d38d19d5a",
                "sha256:df32e6f127dc0ccbc675eadb33f749abbcb8f174c5cb9ec49c0cdb73aa737377"
            ],
            "index": "pypi",
            "version": "==4.19.5"
        },
        "traitlets": {
            "hashes": [
                "sha256:70b4c6a1d9019d7b4f6846832288f86998aa3b9207c6821f3578a6a6a467fe44",
                "sha256:d023ee369ddd2763310e4c3eae1ff649689440d4ae59d7485eb4cfbbe3e359f7"
            ],
            "version": "==4.3.3"
        },
        "tzlocal": {
            "hashes": [
                "sha256:11c9f16e0a633b4b60e1eede97d8a46340d042e67b670b290ca526576e039048",
                "sha256:949b9dd5ba4be17190a80c0268167d7e6c92c62b30026cf9764caf3e308e5590"
            ],
            "version": "==2.0.0"
        },
        "ujson": {
            "hashes": [
                "sha256:f66073e5506e91d204ab0c614a148d5aa938bdbf104751be66f8ad7a222f5f86"
            ],
            "index": "pypi",
            "version": "==1.35"
        },
        "url-normalize": {
            "hashes": [
                "sha256:26acd7cccff5ad592b462fecd4bb9fa11507b62b091aea7aa3fd4bc41e5a5df8",
                "sha256:f5b3c6eee116f668c274df1a041797791246aa3a30746ce796afe6a0d56bf2ae"
            ],
            "index": "pypi",
            "version": "==1.3.3"
        },
        "urllib3": {
            "hashes": [
                "sha256:06330f386d6e4b195fbfc736b297f58c5a892e4440e54d294d7004e3a9bbea1b",
                "sha256:cc44da8e1145637334317feebd728bd869a35285b93cbb4cca2577da7e62db4f"
            ],
            "version": "==1.22"
        },
        "wcwidth": {
            "hashes": [
                "sha256:3df37372226d6e63e1b1e1eda15c594bca98a22d33a23832a90998faa96bc65e",
                "sha256:f4ebe71925af7b40a864553f761ed559b43544f8f71746c2d756c7fe788ade7c"
            ],
            "version": "==0.1.7"
        },
        "webencodings": {
            "hashes": [
                "sha256:a0af1213f3c2226497a97e2b3aa01a7e4bee4f403f95be16fc9acd2947514a78",
                "sha256:b36a1c245f2d304965eb4e0a82848379241dc04b865afcc4aab16748587e1923"
            ],
            "version": "==0.5.1"
        },
        "widgetsnbextension": {
            "hashes": [
                "sha256:079f87d87270bce047512400efd70238820751a11d2d8cb137a5a5bdbaf255c7",
                "sha256:bd314f8ceb488571a5ffea6cc5b9fc6cba0adaf88a9d2386b93a489751938bcd"
            ],
            "version": "==3.5.1"
        },
        "zipp": {
            "hashes": [
                "sha256:3718b1cbcd963c7d4c5511a8240812904164b7f381b647143a89d3b98f9bcd8e",
                "sha256:f06903e9f1f43b12d371004b4ac7b06ab39a44adc747266928ae6debfa7b3335"
            ],
            "version": "==0.6.0"
        }
    },
    "develop": {}
}
